// !$*UTF8*$!
{
	archiveVersion = 1;
	classes = {
	};
	objectVersion = 55;
	objects = {

/* Begin PBXBuildFile section */
		8905427826D59B270025CB12 /* SIWAParams.swift in Sources */ = {isa = PBXBuildFile; fileRef = 8905427726D59B270025CB12 /* SIWAParams.swift */; };
		8905427B26D59E0E0025CB12 /* SIWAResponse.swift in Sources */ = {isa = PBXBuildFile; fileRef = 8905427A26D59E0E0025CB12 /* SIWAResponse.swift */; };
		890A4AC526D29CDC0092E8EE /* HasFoodView.swift in Sources */ = {isa = PBXBuildFile; fileRef = 890A4AC426D29CDC0092E8EE /* HasFoodView.swift */; };
		890A4AC726D29F270092E8EE /* PetStatus.swift in Sources */ = {isa = PBXBuildFile; fileRef = 890A4AC626D29F260092E8EE /* PetStatus.swift */; };
		890BB76926D65D9B00309118 /* CreateInviteSheet.swift in Sources */ = {isa = PBXBuildFile; fileRef = 890BB76826D65D9A00309118 /* CreateInviteSheet.swift */; };
		89104FA926D6C0150087CDE7 /* AcceptInviteView.swift in Sources */ = {isa = PBXBuildFile; fileRef = 89104FA826D6C0150087CDE7 /* AcceptInviteView.swift */; };
		89104FAB26D6C9170087CDE7 /* HowToAcceptInvite.swift in Sources */ = {isa = PBXBuildFile; fileRef = 89104FAA26D6C9170087CDE7 /* HowToAcceptInvite.swift */; };
		8914570826E3B0260086EC87 /* PetView.swift in Sources */ = {isa = PBXBuildFile; fileRef = 8914570726E3B0260086EC87 /* PetView.swift */; };
		8914570A26E3ED3B0086EC87 /* PetViewModel.swift in Sources */ = {isa = PBXBuildFile; fileRef = 8914570926E3ED3B0086EC87 /* PetViewModel.swift */; };
		8914570C26E3EE340086EC87 /* PetOwner.swift in Sources */ = {isa = PBXBuildFile; fileRef = 8914570B26E3EE340086EC87 /* PetOwner.swift */; };
		891AEB5126D5967C00EEAA05 /* LoginViewModel.swift in Sources */ = {isa = PBXBuildFile; fileRef = 891AEB5026D5967C00EEAA05 /* LoginViewModel.swift */; };
		891D846C26D2A407008E88E2 /* AdaptiveStack.swift in Sources */ = {isa = PBXBuildFile; fileRef = 891D846B26D2A407008E88E2 /* AdaptiveStack.swift */; };
		891D846F26D2AC6C008E88E2 /* AddFirstPetView.swift in Sources */ = {isa = PBXBuildFile; fileRef = 891D846E26D2AC6C008E88E2 /* AddFirstPetView.swift */; };
		891D847126D2AE20008E88E2 /* FirstPetDoneView.swift in Sources */ = {isa = PBXBuildFile; fileRef = 891D847026D2AE20008E88E2 /* FirstPetDoneView.swift */; };
		891D847326D2AE47008E88E2 /* AddFirstPetViewModel.swift in Sources */ = {isa = PBXBuildFile; fileRef = 891D847226D2AE47008E88E2 /* AddFirstPetViewModel.swift */; };
		891D847526D2AEB0008E88E2 /* CreatePetParams.swift in Sources */ = {isa = PBXBuildFile; fileRef = 891D847426D2AEB0008E88E2 /* CreatePetParams.swift */; };
		891D847826D2D0BE008E88E2 /* ManagePets.swift in Sources */ = {isa = PBXBuildFile; fileRef = 891D847726D2D0BE008E88E2 /* ManagePets.swift */; };
		891D847B26D2D0DE008E88E2 /* ManagePetsViewModel.swift in Sources */ = {isa = PBXBuildFile; fileRef = 891D847A26D2D0DE008E88E2 /* ManagePetsViewModel.swift */; };
		891D847D26D2D3A4008E88E2 /* ManagePetAlert.swift in Sources */ = {isa = PBXBuildFile; fileRef = 891D847C26D2D3A4008E88E2 /* ManagePetAlert.swift */; };
		89264BEF26CD549500DC1EA3 /* ButtonState.swift in Sources */ = {isa = PBXBuildFile; fileRef = 89264BEE26CD549500DC1EA3 /* ButtonState.swift */; };
		89308E4627021EF100F65DD2 /* AboutView.swift in Sources */ = {isa = PBXBuildFile; fileRef = 89308E4527021EF100F65DD2 /* AboutView.swift */; };
		89308E4927021FF300F65DD2 /* BetterSafariView in Frameworks */ = {isa = PBXBuildFile; productRef = 89308E4827021FF300F65DD2 /* BetterSafariView */; };
		893273F726F3ADCA00D59C7A /* Alamofire in Frameworks */ = {isa = PBXBuildFile; productRef = 893273F626F3ADCA00D59C7A /* Alamofire */; };
		893EE91A26DA832B002746F0 /* CreatePetView.swift in Sources */ = {isa = PBXBuildFile; fileRef = 893EE91926DA832B002746F0 /* CreatePetView.swift */; };
		894B970726D044CE00DD0CC9 /* Loulou2@3x.png in Resources */ = {isa = PBXBuildFile; fileRef = 894B970426D044CE00DD0CC9 /* Loulou2@3x.png */; };
		894B970826D044CF00DD0CC9 /* Loulou2@1x.png in Resources */ = {isa = PBXBuildFile; fileRef = 894B970526D044CE00DD0CC9 /* Loulou2@1x.png */; };
		894B970926D044CF00DD0CC9 /* Loulou2@2x.png in Resources */ = {isa = PBXBuildFile; fileRef = 894B970626D044CE00DD0CC9 /* Loulou2@2x.png */; };
		894CCAE926DABA2D0029A5DB /* CreatePetViewModel.swift in Sources */ = {isa = PBXBuildFile; fileRef = 894CCAE826DABA2D0029A5DB /* CreatePetViewModel.swift */; };
		895E995426DF6A31003ACDDB /* CreateInviteViewModel.swift in Sources */ = {isa = PBXBuildFile; fileRef = 895E995326DF6A31003ACDDB /* CreateInviteViewModel.swift */; };
		89608E0E26CBB927004993F7 /* FeedingSheet.swift in Sources */ = {isa = PBXBuildFile; fileRef = 89608E0D26CBB927004993F7 /* FeedingSheet.swift */; };
		89608E1026CBBC2D004993F7 /* FeedingViewModel.swift in Sources */ = {isa = PBXBuildFile; fileRef = 89608E0F26CBBC2D004993F7 /* FeedingViewModel.swift */; };
		8960A9F626FA363300369EEB /* ExtraNotesSheet.swift in Sources */ = {isa = PBXBuildFile; fileRef = 8960A9F526FA363300369EEB /* ExtraNotesSheet.swift */; };
		8965456326FDCE39000250AF /* QRCodeAPI.swift in Sources */ = {isa = PBXBuildFile; fileRef = 8965456226FDCE39000250AF /* QRCodeAPI.swift */; };
		8965456526FDD18C000250AF /* QRCodeView.swift in Sources */ = {isa = PBXBuildFile; fileRef = 8965456426FDD18C000250AF /* QRCodeView.swift */; };
		8965456826FDD4A2000250AF /* QRCodeViewModel.swift in Sources */ = {isa = PBXBuildFile; fileRef = 8965456726FDD4A2000250AF /* QRCodeViewModel.swift */; };
		8976CBAD2702F01000AAA871 /* PetFeedingDay.swift in Sources */ = {isa = PBXBuildFile; fileRef = 8976CBAC2702F01000AAA871 /* PetFeedingDay.swift */; };
		897A432926D28E1000559819 /* MainView.swift in Sources */ = {isa = PBXBuildFile; fileRef = 897A432826D28E1000559819 /* MainView.swift */; };
		897A432B26D28E2600559819 /* MainViewModel.swift in Sources */ = {isa = PBXBuildFile; fileRef = 897A432A26D28E2600559819 /* MainViewModel.swift */; };
		897A432D26D2952B00559819 /* Pet.swift in Sources */ = {isa = PBXBuildFile; fileRef = 897A432C26D2952B00559819 /* Pet.swift */; };
		897A432F26D2955F00559819 /* UserInfo.swift in Sources */ = {isa = PBXBuildFile; fileRef = 897A432E26D2955F00559819 /* UserInfo.swift */; };
		897A433126D2958E00559819 /* FoodItem.swift in Sources */ = {isa = PBXBuildFile; fileRef = 897A433026D2958E00559819 /* FoodItem.swift */; };
		898ACBC426FB773C00D8F6DF /* PetAvatar.swift in Sources */ = {isa = PBXBuildFile; fileRef = 898ACBC326FB773C00D8F6DF /* PetAvatar.swift */; };
		898ACBC626FB7A8500D8F6DF /* ImagePicker.swift in Sources */ = {isa = PBXBuildFile; fileRef = 898ACBC526FB7A8400D8F6DF /* ImagePicker.swift */; };
		89AEF1A826CC597100983E68 /* Localizable.strings in Resources */ = {isa = PBXBuildFile; fileRef = 89AEF1AA26CC597100983E68 /* Localizable.strings */; };
		89AEF1AE26CC622500983E68 /* Launch Screen.storyboard in Resources */ = {isa = PBXBuildFile; fileRef = 89AEF1AD26CC622500983E68 /* Launch Screen.storyboard */; };
		89B9D23D26D4F7B800546D1D /* ManageInvites.swift in Sources */ = {isa = PBXBuildFile; fileRef = 89B9D23C26D4F7B800546D1D /* ManageInvites.swift */; };
		89B9D24026D4F8A900546D1D /* ManageInvitesViewModel.swift in Sources */ = {isa = PBXBuildFile; fileRef = 89B9D23F26D4F8A900546D1D /* ManageInvitesViewModel.swift */; };
		89B9D24226D4F8C300546D1D /* InviteItem.swift in Sources */ = {isa = PBXBuildFile; fileRef = 89B9D24126D4F8C300546D1D /* InviteItem.swift */; };
		89B9D24426D4FD3B00546D1D /* InviteItemView.swift in Sources */ = {isa = PBXBuildFile; fileRef = 89B9D24326D4FD3B00546D1D /* InviteItemView.swift */; };
		89B9D24626D4FF8400546D1D /* InviteView.swift in Sources */ = {isa = PBXBuildFile; fileRef = 89B9D24526D4FF8400546D1D /* InviteView.swift */; };
		89B9D24826D4FFC600546D1D /* InviteViewModel.swift in Sources */ = {isa = PBXBuildFile; fileRef = 89B9D24726D4FFC600546D1D /* InviteViewModel.swift */; };
		89BC20CC26FCD6FB009130AD /* ManageQRCodesView.swift in Sources */ = {isa = PBXBuildFile; fileRef = 89BC20CB26FCD6FB009130AD /* ManageQRCodesView.swift */; };
		89BC20D126FCE77A009130AD /* ManageQRCodesViewModel.swift in Sources */ = {isa = PBXBuildFile; fileRef = 89BC20D026FCE77A009130AD /* ManageQRCodesViewModel.swift */; };
		89BC20D426FCE79C009130AD /* QRCode.swift in Sources */ = {isa = PBXBuildFile; fileRef = 89BC20D326FCE79C009130AD /* QRCode.swift */; };
		89BC20D626FCE7CE009130AD /* QRCodeType.swift in Sources */ = {isa = PBXBuildFile; fileRef = 89BC20D526FCE7CE009130AD /* QRCodeType.swift */; };
		89BC20D826FCE91F009130AD /* CreateQRCodeView.swift in Sources */ = {isa = PBXBuildFile; fileRef = 89BC20D726FCE91F009130AD /* CreateQRCodeView.swift */; };
		89BC20DA26FCE9B3009130AD /* CreateQRCodeViewModel.swift in Sources */ = {isa = PBXBuildFile; fileRef = 89BC20D926FCE9B3009130AD /* CreateQRCodeViewModel.swift */; };
		89C692AF26E277FC007C9C43 /* PetProfile.swift in Sources */ = {isa = PBXBuildFile; fileRef = 89C692AE26E277FC007C9C43 /* PetProfile.swift */; };
		89CB990326CBD4AB00AB5EE1 /* HomeAlert.swift in Sources */ = {isa = PBXBuildFile; fileRef = 89CB990226CBD4AB00AB5EE1 /* HomeAlert.swift */; };
		89CDAEA326D1AB9F00A4F612 /* LoginScreen.swift in Sources */ = {isa = PBXBuildFile; fileRef = 89CDAEA226D1AB9F00A4F612 /* LoginScreen.swift */; };
		89D3A08E26C864960001837A /* ContentView.swift in Sources */ = {isa = PBXBuildFile; fileRef = 89D3A08D26C864960001837A /* ContentView.swift */; };
		89D3A09026C864980001837A /* Assets.xcassets in Resources */ = {isa = PBXBuildFile; fileRef = 89D3A08F26C864980001837A /* Assets.xcassets */; };
		89D3A09326C864980001837A /* Preview Assets.xcassets in Resources */ = {isa = PBXBuildFile; fileRef = 89D3A09226C864980001837A /* Preview Assets.xcassets */; };
		89D3A09C26C864C90001837A /* Home.swift in Sources */ = {isa = PBXBuildFile; fileRef = 89D3A09B26C864C90001837A /* Home.swift */; };
		89DC37AD26D01B7200FC4E4E /* RemoveItemParams.swift in Sources */ = {isa = PBXBuildFile; fileRef = 89DC37AC26D01B7200FC4E4E /* RemoveItemParams.swift */; };
		89E77C0826D4256D00835906 /* PetFeedingItem.swift in Sources */ = {isa = PBXBuildFile; fileRef = 89E77C0726D4256D00835906 /* PetFeedingItem.swift */; };
		89E9D10826CAA6580018CD68 /* ButtonLabel.swift in Sources */ = {isa = PBXBuildFile; fileRef = 89E9D10726CAA6580018CD68 /* ButtonLabel.swift */; };
		89E9D10A26CAAFB10018CD68 /* Config.swift in Sources */ = {isa = PBXBuildFile; fileRef = 89E9D10926CAAFB10018CD68 /* Config.swift */; };
		89E9D10E26CAC0230018CD68 /* FeedingHistory.swift in Sources */ = {isa = PBXBuildFile; fileRef = 89E9D10D26CAC0230018CD68 /* FeedingHistory.swift */; };
		89E9D11226CAC0AC0018CD68 /* FeedingHistoryViewModel.swift in Sources */ = {isa = PBXBuildFile; fileRef = 89E9D11126CAC0AC0018CD68 /* FeedingHistoryViewModel.swift */; };
		89E9D11426CAC0CF0018CD68 /* HistoryResponse.swift in Sources */ = {isa = PBXBuildFile; fileRef = 89E9D11326CAC0CF0018CD68 /* HistoryResponse.swift */; };
		89E9D11626CAC5390018CD68 /* FeedingHistoryItemView.swift in Sources */ = {isa = PBXBuildFile; fileRef = 89E9D11526CAC5390018CD68 /* FeedingHistoryItemView.swift */; };
		89E9D11826CAF12C0018CD68 /* FeedingRequestParams.swift in Sources */ = {isa = PBXBuildFile; fileRef = 89E9D11726CAF12C0018CD68 /* FeedingRequestParams.swift */; };
		89E9D11A26CAF2360018CD68 /* HomeSheet.swift in Sources */ = {isa = PBXBuildFile; fileRef = 89E9D11926CAF2360018CD68 /* HomeSheet.swift */; };
		89E9D11C26CAF33E0018CD68 /* WelcomeSheet.swift in Sources */ = {isa = PBXBuildFile; fileRef = 89E9D11B26CAF33E0018CD68 /* WelcomeSheet.swift */; };
		89E9D12126CB10FB0018CD68 /* API.swift in Sources */ = {isa = PBXBuildFile; fileRef = 89E9D12026CB10FB0018CD68 /* API.swift */; };
		89E9D12326CB16EB0018CD68 /* SettingsView.swift in Sources */ = {isa = PBXBuildFile; fileRef = 89E9D12226CB16EB0018CD68 /* SettingsView.swift */; };
		89E9D12726CB1C1A0018CD68 /* GradientBackground.swift in Sources */ = {isa = PBXBuildFile; fileRef = 89E9D12626CB1C1A0018CD68 /* GradientBackground.swift */; };
		89FD01C626C8656400D2C6D2 /* LoulousEten.swift in Sources */ = {isa = PBXBuildFile; fileRef = 89FD01C526C8656400D2C6D2 /* LoulousEten.swift */; };
		89FD01C826C865C400D2C6D2 /* HomeViewModel.swift in Sources */ = {isa = PBXBuildFile; fileRef = 89FD01C726C865C400D2C6D2 /* HomeViewModel.swift */; };
		89FD01CB26C86C9900D2C6D2 /* HasFoodResponse.swift in Sources */ = {isa = PBXBuildFile; fileRef = 89FD01CA26C86C9900D2C6D2 /* HasFoodResponse.swift */; };
/* End PBXBuildFile section */

/* Begin PBXCopyFilesBuildPhase section */
		8905EB2026CE7B32004365A2 /* Embed App Extensions */ = {
			isa = PBXCopyFilesBuildPhase;
			buildActionMask = 2147483647;
			dstPath = "";
			dstSubfolderSpec = 13;
			files = (
			);
			name = "Embed App Extensions";
			runOnlyForDeploymentPostprocessing = 0;
		};
/* End PBXCopyFilesBuildPhase section */

/* Begin PBXFileReference section */
		8905427726D59B270025CB12 /* SIWAParams.swift */ = {isa = PBXFileReference; lastKnownFileType = sourcecode.swift; path = SIWAParams.swift; sourceTree = "<group>"; };
		8905427A26D59E0E0025CB12 /* SIWAResponse.swift */ = {isa = PBXFileReference; lastKnownFileType = sourcecode.swift; path = SIWAResponse.swift; sourceTree = "<group>"; };
		8905EB1226CE7B30004365A2 /* SwiftUI.framework */ = {isa = PBXFileReference; lastKnownFileType = wrapper.framework; name = SwiftUI.framework; path = System/Library/Frameworks/SwiftUI.framework; sourceTree = SDKROOT; };
		890A4AC426D29CDC0092E8EE /* HasFoodView.swift */ = {isa = PBXFileReference; lastKnownFileType = sourcecode.swift; path = HasFoodView.swift; sourceTree = "<group>"; };
		890A4AC626D29F260092E8EE /* PetStatus.swift */ = {isa = PBXFileReference; lastKnownFileType = sourcecode.swift; path = PetStatus.swift; sourceTree = "<group>"; };
		890BB76826D65D9A00309118 /* CreateInviteSheet.swift */ = {isa = PBXFileReference; lastKnownFileType = sourcecode.swift; path = CreateInviteSheet.swift; sourceTree = "<group>"; };
		89104FA826D6C0150087CDE7 /* AcceptInviteView.swift */ = {isa = PBXFileReference; lastKnownFileType = sourcecode.swift; path = AcceptInviteView.swift; sourceTree = "<group>"; };
		89104FAA26D6C9170087CDE7 /* HowToAcceptInvite.swift */ = {isa = PBXFileReference; lastKnownFileType = sourcecode.swift; path = HowToAcceptInvite.swift; sourceTree = "<group>"; };
		8914570726E3B0260086EC87 /* PetView.swift */ = {isa = PBXFileReference; lastKnownFileType = sourcecode.swift; path = PetView.swift; sourceTree = "<group>"; };
		8914570926E3ED3B0086EC87 /* PetViewModel.swift */ = {isa = PBXFileReference; lastKnownFileType = sourcecode.swift; path = PetViewModel.swift; sourceTree = "<group>"; };
		8914570B26E3EE340086EC87 /* PetOwner.swift */ = {isa = PBXFileReference; lastKnownFileType = sourcecode.swift; path = PetOwner.swift; sourceTree = "<group>"; };
		891AEB4F26D5833F00EEAA05 /* Loulou's eten.entitlements */ = {isa = PBXFileReference; lastKnownFileType = text.plist.entitlements; path = "Loulou's eten.entitlements"; sourceTree = "<group>"; };
		891AEB5026D5967C00EEAA05 /* LoginViewModel.swift */ = {isa = PBXFileReference; lastKnownFileType = sourcecode.swift; path = LoginViewModel.swift; sourceTree = "<group>"; };
		891D846B26D2A407008E88E2 /* AdaptiveStack.swift */ = {isa = PBXFileReference; lastKnownFileType = sourcecode.swift; path = AdaptiveStack.swift; sourceTree = "<group>"; };
		891D846E26D2AC6C008E88E2 /* AddFirstPetView.swift */ = {isa = PBXFileReference; lastKnownFileType = sourcecode.swift; path = AddFirstPetView.swift; sourceTree = "<group>"; };
		891D847026D2AE20008E88E2 /* FirstPetDoneView.swift */ = {isa = PBXFileReference; lastKnownFileType = sourcecode.swift; path = FirstPetDoneView.swift; sourceTree = "<group>"; };
		891D847226D2AE47008E88E2 /* AddFirstPetViewModel.swift */ = {isa = PBXFileReference; lastKnownFileType = sourcecode.swift; path = AddFirstPetViewModel.swift; sourceTree = "<group>"; };
		891D847426D2AEB0008E88E2 /* CreatePetParams.swift */ = {isa = PBXFileReference; lastKnownFileType = sourcecode.swift; path = CreatePetParams.swift; sourceTree = "<group>"; };
		891D847726D2D0BE008E88E2 /* ManagePets.swift */ = {isa = PBXFileReference; lastKnownFileType = sourcecode.swift; path = ManagePets.swift; sourceTree = "<group>"; };
		891D847A26D2D0DE008E88E2 /* ManagePetsViewModel.swift */ = {isa = PBXFileReference; lastKnownFileType = sourcecode.swift; path = ManagePetsViewModel.swift; sourceTree = "<group>"; };
		891D847C26D2D3A4008E88E2 /* ManagePetAlert.swift */ = {isa = PBXFileReference; lastKnownFileType = sourcecode.swift; path = ManagePetAlert.swift; sourceTree = "<group>"; };
		89264BEE26CD549500DC1EA3 /* ButtonState.swift */ = {isa = PBXFileReference; lastKnownFileType = sourcecode.swift; path = ButtonState.swift; sourceTree = "<group>"; };
		89308E4527021EF100F65DD2 /* AboutView.swift */ = {isa = PBXFileReference; lastKnownFileType = sourcecode.swift; path = AboutView.swift; sourceTree = "<group>"; };
		893EE91926DA832B002746F0 /* CreatePetView.swift */ = {isa = PBXFileReference; lastKnownFileType = sourcecode.swift; path = CreatePetView.swift; sourceTree = "<group>"; };
		894B970426D044CE00DD0CC9 /* Loulou2@3x.png */ = {isa = PBXFileReference; lastKnownFileType = image.png; path = "Loulou2@3x.png"; sourceTree = "<group>"; };
		894B970526D044CE00DD0CC9 /* Loulou2@1x.png */ = {isa = PBXFileReference; lastKnownFileType = image.png; path = "Loulou2@1x.png"; sourceTree = "<group>"; };
		894B970626D044CE00DD0CC9 /* Loulou2@2x.png */ = {isa = PBXFileReference; lastKnownFileType = image.png; path = "Loulou2@2x.png"; sourceTree = "<group>"; };
		894CCAE826DABA2D0029A5DB /* CreatePetViewModel.swift */ = {isa = PBXFileReference; lastKnownFileType = sourcecode.swift; path = CreatePetViewModel.swift; sourceTree = "<group>"; };
		895E995326DF6A31003ACDDB /* CreateInviteViewModel.swift */ = {isa = PBXFileReference; lastKnownFileType = sourcecode.swift; path = CreateInviteViewModel.swift; sourceTree = "<group>"; };
		89608E0D26CBB927004993F7 /* FeedingSheet.swift */ = {isa = PBXFileReference; lastKnownFileType = sourcecode.swift; path = FeedingSheet.swift; sourceTree = "<group>"; };
		89608E0F26CBBC2D004993F7 /* FeedingViewModel.swift */ = {isa = PBXFileReference; lastKnownFileType = sourcecode.swift; path = FeedingViewModel.swift; sourceTree = "<group>"; };
		8960A9F526FA363300369EEB /* ExtraNotesSheet.swift */ = {isa = PBXFileReference; lastKnownFileType = sourcecode.swift; path = ExtraNotesSheet.swift; sourceTree = "<group>"; };
		8965456226FDCE39000250AF /* QRCodeAPI.swift */ = {isa = PBXFileReference; lastKnownFileType = sourcecode.swift; path = QRCodeAPI.swift; sourceTree = "<group>"; };
		8965456426FDD18C000250AF /* QRCodeView.swift */ = {isa = PBXFileReference; lastKnownFileType = sourcecode.swift; path = QRCodeView.swift; sourceTree = "<group>"; };
		8965456726FDD4A2000250AF /* QRCodeViewModel.swift */ = {isa = PBXFileReference; lastKnownFileType = sourcecode.swift; path = QRCodeViewModel.swift; sourceTree = "<group>"; };
		8976CBAC2702F01000AAA871 /* PetFeedingDay.swift */ = {isa = PBXFileReference; lastKnownFileType = sourcecode.swift; path = PetFeedingDay.swift; sourceTree = "<group>"; };
		897A432826D28E1000559819 /* MainView.swift */ = {isa = PBXFileReference; lastKnownFileType = sourcecode.swift; path = MainView.swift; sourceTree = "<group>"; };
		897A432A26D28E2600559819 /* MainViewModel.swift */ = {isa = PBXFileReference; lastKnownFileType = sourcecode.swift; path = MainViewModel.swift; sourceTree = "<group>"; };
		897A432C26D2952B00559819 /* Pet.swift */ = {isa = PBXFileReference; lastKnownFileType = sourcecode.swift; path = Pet.swift; sourceTree = "<group>"; };
		897A432E26D2955F00559819 /* UserInfo.swift */ = {isa = PBXFileReference; lastKnownFileType = sourcecode.swift; path = UserInfo.swift; sourceTree = "<group>"; };
		897A433026D2958E00559819 /* FoodItem.swift */ = {isa = PBXFileReference; lastKnownFileType = sourcecode.swift; path = FoodItem.swift; sourceTree = "<group>"; };
		898ACBC326FB773C00D8F6DF /* PetAvatar.swift */ = {isa = PBXFileReference; lastKnownFileType = sourcecode.swift; path = PetAvatar.swift; sourceTree = "<group>"; };
		898ACBC526FB7A8400D8F6DF /* ImagePicker.swift */ = {isa = PBXFileReference; lastKnownFileType = sourcecode.swift; path = ImagePicker.swift; sourceTree = "<group>"; };
		89AEF1A926CC597100983E68 /* nl */ = {isa = PBXFileReference; lastKnownFileType = text.plist.strings; name = nl; path = nl.lproj/Localizable.strings; sourceTree = "<group>"; };
		89AEF1AD26CC622500983E68 /* Launch Screen.storyboard */ = {isa = PBXFileReference; lastKnownFileType = file.storyboard; path = "Launch Screen.storyboard"; sourceTree = "<group>"; };
		89B4D1FD26CB1DAD00B43A71 /* Loulous-eten-Info.plist */ = {isa = PBXFileReference; lastKnownFileType = text.plist.xml; path = "Loulous-eten-Info.plist"; sourceTree = SOURCE_ROOT; };
		89B9D23C26D4F7B800546D1D /* ManageInvites.swift */ = {isa = PBXFileReference; lastKnownFileType = sourcecode.swift; path = ManageInvites.swift; sourceTree = "<group>"; };
		89B9D23F26D4F8A900546D1D /* ManageInvitesViewModel.swift */ = {isa = PBXFileReference; lastKnownFileType = sourcecode.swift; path = ManageInvitesViewModel.swift; sourceTree = "<group>"; };
		89B9D24126D4F8C300546D1D /* InviteItem.swift */ = {isa = PBXFileReference; lastKnownFileType = sourcecode.swift; path = InviteItem.swift; sourceTree = "<group>"; };
		89B9D24326D4FD3B00546D1D /* InviteItemView.swift */ = {isa = PBXFileReference; lastKnownFileType = sourcecode.swift; path = InviteItemView.swift; sourceTree = "<group>"; };
		89B9D24526D4FF8400546D1D /* InviteView.swift */ = {isa = PBXFileReference; lastKnownFileType = sourcecode.swift; path = InviteView.swift; sourceTree = "<group>"; };
		89B9D24726D4FFC600546D1D /* InviteViewModel.swift */ = {isa = PBXFileReference; lastKnownFileType = sourcecode.swift; path = InviteViewModel.swift; sourceTree = "<group>"; };
		89BC20CB26FCD6FB009130AD /* ManageQRCodesView.swift */ = {isa = PBXFileReference; lastKnownFileType = sourcecode.swift; path = ManageQRCodesView.swift; sourceTree = "<group>"; };
		89BC20D026FCE77A009130AD /* ManageQRCodesViewModel.swift */ = {isa = PBXFileReference; lastKnownFileType = sourcecode.swift; path = ManageQRCodesViewModel.swift; sourceTree = "<group>"; };
		89BC20D326FCE79C009130AD /* QRCode.swift */ = {isa = PBXFileReference; lastKnownFileType = sourcecode.swift; path = QRCode.swift; sourceTree = "<group>"; };
		89BC20D526FCE7CE009130AD /* QRCodeType.swift */ = {isa = PBXFileReference; lastKnownFileType = sourcecode.swift; path = QRCodeType.swift; sourceTree = "<group>"; };
		89BC20D726FCE91F009130AD /* CreateQRCodeView.swift */ = {isa = PBXFileReference; lastKnownFileType = sourcecode.swift; path = CreateQRCodeView.swift; sourceTree = "<group>"; };
		89BC20D926FCE9B3009130AD /* CreateQRCodeViewModel.swift */ = {isa = PBXFileReference; lastKnownFileType = sourcecode.swift; path = CreateQRCodeViewModel.swift; sourceTree = "<group>"; };
		89C692AE26E277FC007C9C43 /* PetProfile.swift */ = {isa = PBXFileReference; lastKnownFileType = sourcecode.swift; path = PetProfile.swift; sourceTree = "<group>"; };
		89CB990226CBD4AB00AB5EE1 /* HomeAlert.swift */ = {isa = PBXFileReference; lastKnownFileType = sourcecode.swift; path = HomeAlert.swift; sourceTree = "<group>"; };
		89CDAEA226D1AB9F00A4F612 /* LoginScreen.swift */ = {isa = PBXFileReference; lastKnownFileType = sourcecode.swift; path = LoginScreen.swift; sourceTree = "<group>"; };
		89D3A08826C864960001837A /* Loulou's eten.app */ = {isa = PBXFileReference; explicitFileType = wrapper.application; includeInIndex = 0; path = "Loulou's eten.app"; sourceTree = BUILT_PRODUCTS_DIR; };
		89D3A08D26C864960001837A /* ContentView.swift */ = {isa = PBXFileReference; lastKnownFileType = sourcecode.swift; path = ContentView.swift; sourceTree = "<group>"; };
		89D3A08F26C864980001837A /* Assets.xcassets */ = {isa = PBXFileReference; lastKnownFileType = folder.assetcatalog; path = Assets.xcassets; sourceTree = "<group>"; };
		89D3A09226C864980001837A /* Preview Assets.xcassets */ = {isa = PBXFileReference; lastKnownFileType = folder.assetcatalog; path = "Preview Assets.xcassets"; sourceTree = "<group>"; };
		89D3A09B26C864C90001837A /* Home.swift */ = {isa = PBXFileReference; lastKnownFileType = sourcecode.swift; path = Home.swift; sourceTree = "<group>"; };
		89DC37AC26D01B7200FC4E4E /* RemoveItemParams.swift */ = {isa = PBXFileReference; lastKnownFileType = sourcecode.swift; path = RemoveItemParams.swift; sourceTree = "<group>"; };
		89E77C0726D4256D00835906 /* PetFeedingItem.swift */ = {isa = PBXFileReference; lastKnownFileType = sourcecode.swift; path = PetFeedingItem.swift; sourceTree = "<group>"; };
		89E9D10726CAA6580018CD68 /* ButtonLabel.swift */ = {isa = PBXFileReference; lastKnownFileType = sourcecode.swift; path = ButtonLabel.swift; sourceTree = "<group>"; };
		89E9D10926CAAFB10018CD68 /* Config.swift */ = {isa = PBXFileReference; lastKnownFileType = sourcecode.swift; path = Config.swift; sourceTree = "<group>"; };
		89E9D10D26CAC0230018CD68 /* FeedingHistory.swift */ = {isa = PBXFileReference; lastKnownFileType = sourcecode.swift; path = FeedingHistory.swift; sourceTree = "<group>"; };
		89E9D11126CAC0AC0018CD68 /* FeedingHistoryViewModel.swift */ = {isa = PBXFileReference; lastKnownFileType = sourcecode.swift; path = FeedingHistoryViewModel.swift; sourceTree = "<group>"; };
		89E9D11326CAC0CF0018CD68 /* HistoryResponse.swift */ = {isa = PBXFileReference; lastKnownFileType = sourcecode.swift; path = HistoryResponse.swift; sourceTree = "<group>"; };
		89E9D11526CAC5390018CD68 /* FeedingHistoryItemView.swift */ = {isa = PBXFileReference; lastKnownFileType = sourcecode.swift; path = FeedingHistoryItemView.swift; sourceTree = "<group>"; };
		89E9D11726CAF12C0018CD68 /* FeedingRequestParams.swift */ = {isa = PBXFileReference; lastKnownFileType = sourcecode.swift; path = FeedingRequestParams.swift; sourceTree = "<group>"; };
		89E9D11926CAF2360018CD68 /* HomeSheet.swift */ = {isa = PBXFileReference; lastKnownFileType = sourcecode.swift; path = HomeSheet.swift; sourceTree = "<group>"; };
		89E9D11B26CAF33E0018CD68 /* WelcomeSheet.swift */ = {isa = PBXFileReference; lastKnownFileType = sourcecode.swift; path = WelcomeSheet.swift; sourceTree = "<group>"; };
		89E9D12026CB10FB0018CD68 /* API.swift */ = {isa = PBXFileReference; lastKnownFileType = sourcecode.swift; path = API.swift; sourceTree = "<group>"; };
		89E9D12226CB16EB0018CD68 /* SettingsView.swift */ = {isa = PBXFileReference; lastKnownFileType = sourcecode.swift; path = SettingsView.swift; sourceTree = "<group>"; };
		89E9D12626CB1C1A0018CD68 /* GradientBackground.swift */ = {isa = PBXFileReference; lastKnownFileType = sourcecode.swift; path = GradientBackground.swift; sourceTree = "<group>"; };
		89FD01C526C8656400D2C6D2 /* LoulousEten.swift */ = {isa = PBXFileReference; lastKnownFileType = sourcecode.swift; path = LoulousEten.swift; sourceTree = "<group>"; };
		89FD01C726C865C400D2C6D2 /* HomeViewModel.swift */ = {isa = PBXFileReference; lastKnownFileType = sourcecode.swift; path = HomeViewModel.swift; sourceTree = "<group>"; };
		89FD01CA26C86C9900D2C6D2 /* HasFoodResponse.swift */ = {isa = PBXFileReference; lastKnownFileType = sourcecode.swift; path = HasFoodResponse.swift; sourceTree = "<group>"; };
/* End PBXFileReference section */

/* Begin PBXFrameworksBuildPhase section */
		89D3A08526C864960001837A /* Frameworks */ = {
			isa = PBXFrameworksBuildPhase;
			buildActionMask = 2147483647;
			files = (
				893273F726F3ADCA00D59C7A /* Alamofire in Frameworks */,
				89308E4927021FF300F65DD2 /* BetterSafariView in Frameworks */,
			);
			runOnlyForDeploymentPostprocessing = 0;
		};
/* End PBXFrameworksBuildPhase section */

/* Begin PBXGroup section */
		8905427926D59DFE0025CB12 /* SIWA */ = {
			isa = PBXGroup;
			children = (
				8905427726D59B270025CB12 /* SIWAParams.swift */,
				8905427A26D59E0E0025CB12 /* SIWAResponse.swift */,
			);
			path = SIWA;
			sourceTree = "<group>";
		};
		8905EB0F26CE7B30004365A2 /* Frameworks */ = {
			isa = PBXGroup;
			children = (
				8905EB1226CE7B30004365A2 /* SwiftUI.framework */,
			);
			name = Frameworks;
			sourceTree = "<group>";
		};
		8914570426E3AE330086EC87 /* Pets */ = {
			isa = PBXGroup;
			children = (
				8960A9F426FA362300369EEB /* PetView */,
				893EE91926DA832B002746F0 /* CreatePetView.swift */,
				891D847726D2D0BE008E88E2 /* ManagePets.swift */,
			);
			path = Pets;
			sourceTree = "<group>";
		};
		891D846D26D2AC4F008E88E2 /* Welcome */ = {
			isa = PBXGroup;
			children = (
				89E9D11B26CAF33E0018CD68 /* WelcomeSheet.swift */,
				891D846E26D2AC6C008E88E2 /* AddFirstPetView.swift */,
				891D847026D2AE20008E88E2 /* FirstPetDoneView.swift */,
				89104FAA26D6C9170087CDE7 /* HowToAcceptInvite.swift */,
			);
			path = Welcome;
			sourceTree = "<group>";
		};
		891D847626D2D0A9008E88E2 /* Settings */ = {
			isa = PBXGroup;
			children = (
				89308E4427021EE100F65DD2 /* About */,
				8914570426E3AE330086EC87 /* Pets */,
				89B9D23B26D4F7A700546D1D /* Invite */,
				89BC20CA26FCD6E1009130AD /* QRCodes */,
				89E9D12226CB16EB0018CD68 /* SettingsView.swift */,
			);
			path = Settings;
			sourceTree = "<group>";
		};
		891D847926D2D0D1008E88E2 /* Settings */ = {
			isa = PBXGroup;
			children = (
				89BC20CF26FCE76B009130AD /* QRCode */,
				89BC20CE26FCE763009130AD /* Pets */,
				89B9D23E26D4F89B00546D1D /* Invite */,
			);
			path = Settings;
			sourceTree = "<group>";
		};
		89264BF026CDA73F00DC1EA3 /* Enums */ = {
			isa = PBXGroup;
			children = (
				89264BEE26CD549500DC1EA3 /* ButtonState.swift */,
				89E9D11926CAF2360018CD68 /* HomeSheet.swift */,
				89CB990226CBD4AB00AB5EE1 /* HomeAlert.swift */,
				891D847C26D2D3A4008E88E2 /* ManagePetAlert.swift */,
			);
			path = Enums;
			sourceTree = "<group>";
		};
		89264BF126CDA75300DC1EA3 /* Structs */ = {
			isa = PBXGroup;
			children = (
				8965456626FDD477000250AF /* Old */,
				89BC20D226FCE78D009130AD /* QRCodes */,
				8905427926D59DFE0025CB12 /* SIWA */,
				89C692B026E27803007C9C43 /* Pet */,
				897A432E26D2955F00559819 /* UserInfo.swift */,
				891D847426D2AEB0008E88E2 /* CreatePetParams.swift */,
				89B9D24126D4F8C300546D1D /* InviteItem.swift */,
			);
			path = Structs;
			sourceTree = "<group>";
		};
		89264BF226CDA78200DC1EA3 /* FeedingHistory */ = {
			isa = PBXGroup;
			children = (
				89E9D10D26CAC0230018CD68 /* FeedingHistory.swift */,
				89E9D11526CAC5390018CD68 /* FeedingHistoryItemView.swift */,
			);
			path = FeedingHistory;
			sourceTree = "<group>";
		};
		89264BF326CDA79500DC1EA3 /* Components */ = {
			isa = PBXGroup;
			children = (
				89E9D10726CAA6580018CD68 /* ButtonLabel.swift */,
				89E9D12626CB1C1A0018CD68 /* GradientBackground.swift */,
				890A4AC426D29CDC0092E8EE /* HasFoodView.swift */,
				891D846B26D2A407008E88E2 /* AdaptiveStack.swift */,
				898ACBC526FB7A8400D8F6DF /* ImagePicker.swift */,
			);
			path = Components;
			sourceTree = "<group>";
		};
		89308E4427021EE100F65DD2 /* About */ = {
			isa = PBXGroup;
			children = (
				89308E4527021EF100F65DD2 /* AboutView.swift */,
			);
			path = About;
			sourceTree = "<group>";
		};
		894B970326D0449F00DD0CC9 /* Icons */ = {
			isa = PBXGroup;
			children = (
				894B970526D044CE00DD0CC9 /* Loulou2@1x.png */,
				894B970626D044CE00DD0CC9 /* Loulou2@2x.png */,
				894B970426D044CE00DD0CC9 /* Loulou2@3x.png */,
			);
			path = Icons;
			sourceTree = "<group>";
		};
		8960A9F426FA362300369EEB /* PetView */ = {
			isa = PBXGroup;
			children = (
				8914570726E3B0260086EC87 /* PetView.swift */,
				898ACBC326FB773C00D8F6DF /* PetAvatar.swift */,
				8960A9F526FA363300369EEB /* ExtraNotesSheet.swift */,
			);
			path = PetView;
			sourceTree = "<group>";
		};
		8965456626FDD477000250AF /* Old */ = {
			isa = PBXGroup;
			children = (
				89FD01CA26C86C9900D2C6D2 /* HasFoodResponse.swift */,
				89E9D11326CAC0CF0018CD68 /* HistoryResponse.swift */,
			);
			path = Old;
			sourceTree = "<group>";
		};
		89B9D23B26D4F7A700546D1D /* Invite */ = {
			isa = PBXGroup;
			children = (
				89B9D23C26D4F7B800546D1D /* ManageInvites.swift */,
				89B9D24326D4FD3B00546D1D /* InviteItemView.swift */,
				89B9D24526D4FF8400546D1D /* InviteView.swift */,
				890BB76826D65D9A00309118 /* CreateInviteSheet.swift */,
				89104FA826D6C0150087CDE7 /* AcceptInviteView.swift */,
			);
			path = Invite;
			sourceTree = "<group>";
		};
		89B9D23E26D4F89B00546D1D /* Invite */ = {
			isa = PBXGroup;
			children = (
				89B9D23F26D4F8A900546D1D /* ManageInvitesViewModel.swift */,
				89B9D24726D4FFC600546D1D /* InviteViewModel.swift */,
				895E995326DF6A31003ACDDB /* CreateInviteViewModel.swift */,
			);
			path = Invite;
			sourceTree = "<group>";
		};
		89BC20CA26FCD6E1009130AD /* QRCodes */ = {
			isa = PBXGroup;
			children = (
				89BC20CB26FCD6FB009130AD /* ManageQRCodesView.swift */,
				89BC20D726FCE91F009130AD /* CreateQRCodeView.swift */,
				8965456426FDD18C000250AF /* QRCodeView.swift */,
			);
			path = QRCodes;
			sourceTree = "<group>";
		};
		89BC20CE26FCE763009130AD /* Pets */ = {
			isa = PBXGroup;
			children = (
				894CCAE826DABA2D0029A5DB /* CreatePetViewModel.swift */,
				891D847A26D2D0DE008E88E2 /* ManagePetsViewModel.swift */,
				8914570926E3ED3B0086EC87 /* PetViewModel.swift */,
			);
			path = Pets;
			sourceTree = "<group>";
		};
		89BC20CF26FCE76B009130AD /* QRCode */ = {
			isa = PBXGroup;
			children = (
				89BC20D026FCE77A009130AD /* ManageQRCodesViewModel.swift */,
				89BC20D926FCE9B3009130AD /* CreateQRCodeViewModel.swift */,
				8965456726FDD4A2000250AF /* QRCodeViewModel.swift */,
			);
			path = QRCode;
			sourceTree = "<group>";
		};
		89BC20D226FCE78D009130AD /* QRCodes */ = {
			isa = PBXGroup;
			children = (
				89BC20D326FCE79C009130AD /* QRCode.swift */,
				8965456226FDCE39000250AF /* QRCodeAPI.swift */,
				89BC20D526FCE7CE009130AD /* QRCodeType.swift */,
			);
			path = QRCodes;
			sourceTree = "<group>";
		};
		89C692B026E27803007C9C43 /* Pet */ = {
			isa = PBXGroup;
			children = (
				89DC37AC26D01B7200FC4E4E /* RemoveItemParams.swift */,
				89E9D11726CAF12C0018CD68 /* FeedingRequestParams.swift */,
				89E77C0726D4256D00835906 /* PetFeedingItem.swift */,
				897A432C26D2952B00559819 /* Pet.swift */,
				890A4AC626D29F260092E8EE /* PetStatus.swift */,
				89C692AE26E277FC007C9C43 /* PetProfile.swift */,
				8914570B26E3EE340086EC87 /* PetOwner.swift */,
				897A433026D2958E00559819 /* FoodItem.swift */,
				8976CBAC2702F01000AAA871 /* PetFeedingDay.swift */,
			);
			path = Pet;
			sourceTree = "<group>";
		};
		89D3A07F26C864950001837A = {
			isa = PBXGroup;
			children = (
				89D3A08A26C864960001837A /* Loulou's eten */,
				8905EB0F26CE7B30004365A2 /* Frameworks */,
				89D3A08926C864960001837A /* Products */,
			);
			sourceTree = "<group>";
		};
		89D3A08926C864960001837A /* Products */ = {
			isa = PBXGroup;
			children = (
				89D3A08826C864960001837A /* Loulou's eten.app */,
			);
			name = Products;
			sourceTree = "<group>";
		};
		89D3A08A26C864960001837A /* Loulou's eten */ = {
			isa = PBXGroup;
			children = (
				891AEB4F26D5833F00EEAA05 /* Loulou's eten.entitlements */,
				894B970326D0449F00DD0CC9 /* Icons */,
				89B4D1FD26CB1DAD00B43A71 /* Loulous-eten-Info.plist */,
				89FD01C926C86C8200D2C6D2 /* Models */,
				89D3A09A26C864BC0001837A /* ViewModels */,
				89D3A09926C864B50001837A /* Views */,
				89D3A08D26C864960001837A /* ContentView.swift */,
				89FD01C526C8656400D2C6D2 /* LoulousEten.swift */,
				89E9D10926CAAFB10018CD68 /* Config.swift */,
				89AEF1AD26CC622500983E68 /* Launch Screen.storyboard */,
				89D3A08F26C864980001837A /* Assets.xcassets */,
				89AEF1AA26CC597100983E68 /* Localizable.strings */,
				89D3A09126C864980001837A /* Preview Content */,
			);
			path = "Loulou's eten";
			sourceTree = "<group>";
		};
		89D3A09126C864980001837A /* Preview Content */ = {
			isa = PBXGroup;
			children = (
				89D3A09226C864980001837A /* Preview Assets.xcassets */,
			);
			path = "Preview Content";
			sourceTree = "<group>";
		};
		89D3A09926C864B50001837A /* Views */ = {
			isa = PBXGroup;
			children = (
				89264BF326CDA79500DC1EA3 /* Components */,
				891D846D26D2AC4F008E88E2 /* Welcome */,
				891D847626D2D0A9008E88E2 /* Settings */,
				897A432826D28E1000559819 /* MainView.swift */,
				89CDAEA226D1AB9F00A4F612 /* LoginScreen.swift */,
				89D3A09B26C864C90001837A /* Home.swift */,
				89608E0D26CBB927004993F7 /* FeedingSheet.swift */,
				89264BF226CDA78200DC1EA3 /* FeedingHistory */,
			);
			path = Views;
			sourceTree = "<group>";
		};
		89D3A09A26C864BC0001837A /* ViewModels */ = {
			isa = PBXGroup;
			children = (
				891D847926D2D0D1008E88E2 /* Settings */,
				897A432A26D28E2600559819 /* MainViewModel.swift */,
				891AEB5026D5967C00EEAA05 /* LoginViewModel.swift */,
				89FD01C726C865C400D2C6D2 /* HomeViewModel.swift */,
				89E9D11126CAC0AC0018CD68 /* FeedingHistoryViewModel.swift */,
				89608E0F26CBBC2D004993F7 /* FeedingViewModel.swift */,
				891D847226D2AE47008E88E2 /* AddFirstPetViewModel.swift */,
			);
			path = ViewModels;
			sourceTree = "<group>";
		};
		89FD01C926C86C8200D2C6D2 /* Models */ = {
			isa = PBXGroup;
			children = (
				89264BF026CDA73F00DC1EA3 /* Enums */,
				89264BF126CDA75300DC1EA3 /* Structs */,
				89E9D12026CB10FB0018CD68 /* API.swift */,
			);
			path = Models;
			sourceTree = "<group>";
		};
/* End PBXGroup section */

/* Begin PBXNativeTarget section */
		89D3A08726C864960001837A /* Loulou's eten */ = {
			isa = PBXNativeTarget;
			buildConfigurationList = 89D3A09626C864980001837A /* Build configuration list for PBXNativeTarget "Loulou's eten" */;
			buildPhases = (
				89D3A08426C864960001837A /* Sources */,
				89D3A08526C864960001837A /* Frameworks */,
				89D3A08626C864960001837A /* Resources */,
				8905EB2026CE7B32004365A2 /* Embed App Extensions */,
			);
			buildRules = (
			);
			dependencies = (
			);
			name = "Loulou's eten";
			packageProductDependencies = (
				893273F626F3ADCA00D59C7A /* Alamofire */,
				89308E4827021FF300F65DD2 /* BetterSafariView */,
			);
			productName = "Loulou's eten";
			productReference = 89D3A08826C864960001837A /* Loulou's eten.app */;
			productType = "com.apple.product-type.application";
		};
/* End PBXNativeTarget section */

/* Begin PBXProject section */
		89D3A08026C864950001837A /* Project object */ = {
			isa = PBXProject;
			attributes = {
				BuildIndependentTargetsInParallel = 1;
				LastSwiftUpdateCheck = 1300;
				LastUpgradeCheck = 1300;
				TargetAttributes = {
					89D3A08726C864960001837A = {
						CreatedOnToolsVersion = 13.0;
					};
				};
			};
			buildConfigurationList = 89D3A08326C864950001837A /* Build configuration list for PBXProject "Loulou's eten" */;
			compatibilityVersion = "Xcode 13.0";
			developmentRegion = nl;
			hasScannedForEncodings = 0;
			knownRegions = (
				Base,
				nl,
			);
			mainGroup = 89D3A07F26C864950001837A;
			packageReferences = (
				893273F526F3ADCA00D59C7A /* XCRemoteSwiftPackageReference "Alamofire" */,
				89308E4727021FF300F65DD2 /* XCRemoteSwiftPackageReference "BetterSafariView" */,
			);
			productRefGroup = 89D3A08926C864960001837A /* Products */;
			projectDirPath = "";
			projectRoot = "";
			targets = (
				89D3A08726C864960001837A /* Loulou's eten */,
			);
		};
/* End PBXProject section */

/* Begin PBXResourcesBuildPhase section */
		89D3A08626C864960001837A /* Resources */ = {
			isa = PBXResourcesBuildPhase;
			buildActionMask = 2147483647;
			files = (
				894B970926D044CF00DD0CC9 /* Loulou2@2x.png in Resources */,
				89D3A09326C864980001837A /* Preview Assets.xcassets in Resources */,
				89AEF1A826CC597100983E68 /* Localizable.strings in Resources */,
				894B970726D044CE00DD0CC9 /* Loulou2@3x.png in Resources */,
				894B970826D044CF00DD0CC9 /* Loulou2@1x.png in Resources */,
				89AEF1AE26CC622500983E68 /* Launch Screen.storyboard in Resources */,
				89D3A09026C864980001837A /* Assets.xcassets in Resources */,
			);
			runOnlyForDeploymentPostprocessing = 0;
		};
/* End PBXResourcesBuildPhase section */

/* Begin PBXSourcesBuildPhase section */
		89D3A08426C864960001837A /* Sources */ = {
			isa = PBXSourcesBuildPhase;
			buildActionMask = 2147483647;
			files = (
				89E9D11626CAC5390018CD68 /* FeedingHistoryItemView.swift in Sources */,
				897A432926D28E1000559819 /* MainView.swift in Sources */,
				89B9D24026D4F8A900546D1D /* ManageInvitesViewModel.swift in Sources */,
				8905427826D59B270025CB12 /* SIWAParams.swift in Sources */,
				89DC37AD26D01B7200FC4E4E /* RemoveItemParams.swift in Sources */,
				89BC20D426FCE79C009130AD /* QRCode.swift in Sources */,
				895E995426DF6A31003ACDDB /* CreateInviteViewModel.swift in Sources */,
				89B9D24626D4FF8400546D1D /* InviteView.swift in Sources */,
				897A433126D2958E00559819 /* FoodItem.swift in Sources */,
				89B9D24226D4F8C300546D1D /* InviteItem.swift in Sources */,
				8965456326FDCE39000250AF /* QRCodeAPI.swift in Sources */,
				89E9D10826CAA6580018CD68 /* ButtonLabel.swift in Sources */,
				89CDAEA326D1AB9F00A4F612 /* LoginScreen.swift in Sources */,
				8965456826FDD4A2000250AF /* QRCodeViewModel.swift in Sources */,
				89BC20CC26FCD6FB009130AD /* ManageQRCodesView.swift in Sources */,
				89E9D11C26CAF33E0018CD68 /* WelcomeSheet.swift in Sources */,
				897A432F26D2955F00559819 /* UserInfo.swift in Sources */,
				89608E0E26CBB927004993F7 /* FeedingSheet.swift in Sources */,
				891D847B26D2D0DE008E88E2 /* ManagePetsViewModel.swift in Sources */,
				89104FAB26D6C9170087CDE7 /* HowToAcceptInvite.swift in Sources */,
				89CB990326CBD4AB00AB5EE1 /* HomeAlert.swift in Sources */,
				89104FA926D6C0150087CDE7 /* AcceptInviteView.swift in Sources */,
				89264BEF26CD549500DC1EA3 /* ButtonState.swift in Sources */,
				890BB76926D65D9B00309118 /* CreateInviteSheet.swift in Sources */,
				8914570826E3B0260086EC87 /* PetView.swift in Sources */,
				89E9D11A26CAF2360018CD68 /* HomeSheet.swift in Sources */,
				898ACBC426FB773C00D8F6DF /* PetAvatar.swift in Sources */,
				8960A9F626FA363300369EEB /* ExtraNotesSheet.swift in Sources */,
				89608E1026CBBC2D004993F7 /* FeedingViewModel.swift in Sources */,
				8905427B26D59E0E0025CB12 /* SIWAResponse.swift in Sources */,
				8914570A26E3ED3B0086EC87 /* PetViewModel.swift in Sources */,
				89E9D12326CB16EB0018CD68 /* SettingsView.swift in Sources */,
				89D3A09C26C864C90001837A /* Home.swift in Sources */,
				89E9D11226CAC0AC0018CD68 /* FeedingHistoryViewModel.swift in Sources */,
				89B9D23D26D4F7B800546D1D /* ManageInvites.swift in Sources */,
				89E9D11426CAC0CF0018CD68 /* HistoryResponse.swift in Sources */,
				894CCAE926DABA2D0029A5DB /* CreatePetViewModel.swift in Sources */,
				89D3A08E26C864960001837A /* ContentView.swift in Sources */,
				891D847326D2AE47008E88E2 /* AddFirstPetViewModel.swift in Sources */,
				897A432B26D28E2600559819 /* MainViewModel.swift in Sources */,
				89B9D24826D4FFC600546D1D /* InviteViewModel.swift in Sources */,
				89E9D10E26CAC0230018CD68 /* FeedingHistory.swift in Sources */,
				89BC20D826FCE91F009130AD /* CreateQRCodeView.swift in Sources */,
				891AEB5126D5967C00EEAA05 /* LoginViewModel.swift in Sources */,
				8914570C26E3EE340086EC87 /* PetOwner.swift in Sources */,
				89E9D10A26CAAFB10018CD68 /* Config.swift in Sources */,
				89FD01C626C8656400D2C6D2 /* LoulousEten.swift in Sources */,
				8976CBAD2702F01000AAA871 /* PetFeedingDay.swift in Sources */,
				891D846C26D2A407008E88E2 /* AdaptiveStack.swift in Sources */,
				890A4AC726D29F270092E8EE /* PetStatus.swift in Sources */,
				897A432D26D2952B00559819 /* Pet.swift in Sources */,
				893EE91A26DA832B002746F0 /* CreatePetView.swift in Sources */,
				89FD01C826C865C400D2C6D2 /* HomeViewModel.swift in Sources */,
				8965456526FDD18C000250AF /* QRCodeView.swift in Sources */,
				898ACBC626FB7A8500D8F6DF /* ImagePicker.swift in Sources */,
				89FD01CB26C86C9900D2C6D2 /* HasFoodResponse.swift in Sources */,
				89BC20DA26FCE9B3009130AD /* CreateQRCodeViewModel.swift in Sources */,
				89BC20D126FCE77A009130AD /* ManageQRCodesViewModel.swift in Sources */,
				89B9D24426D4FD3B00546D1D /* InviteItemView.swift in Sources */,
				891D847526D2AEB0008E88E2 /* CreatePetParams.swift in Sources */,
				89E77C0826D4256D00835906 /* PetFeedingItem.swift in Sources */,
				891D847126D2AE20008E88E2 /* FirstPetDoneView.swift in Sources */,
				89E9D12126CB10FB0018CD68 /* API.swift in Sources */,
				891D847826D2D0BE008E88E2 /* ManagePets.swift in Sources */,
				89E9D11826CAF12C0018CD68 /* FeedingRequestParams.swift in Sources */,
				89BC20D626FCE7CE009130AD /* QRCodeType.swift in Sources */,
				89E9D12726CB1C1A0018CD68 /* GradientBackground.swift in Sources */,
				89308E4627021EF100F65DD2 /* AboutView.swift in Sources */,
				890A4AC526D29CDC0092E8EE /* HasFoodView.swift in Sources */,
				891D846F26D2AC6C008E88E2 /* AddFirstPetView.swift in Sources */,
				89C692AF26E277FC007C9C43 /* PetProfile.swift in Sources */,
				891D847D26D2D3A4008E88E2 /* ManagePetAlert.swift in Sources */,
			);
			runOnlyForDeploymentPostprocessing = 0;
		};
/* End PBXSourcesBuildPhase section */

/* Begin PBXVariantGroup section */
		89AEF1AA26CC597100983E68 /* Localizable.strings */ = {
			isa = PBXVariantGroup;
			children = (
				89AEF1A926CC597100983E68 /* nl */,
			);
			name = Localizable.strings;
			sourceTree = "<group>";
		};
/* End PBXVariantGroup section */

/* Begin XCBuildConfiguration section */
		89D3A09426C864980001837A /* Debug */ = {
			isa = XCBuildConfiguration;
			buildSettings = {
				ALWAYS_SEARCH_USER_PATHS = NO;
				CLANG_ANALYZER_NONNULL = YES;
				CLANG_ANALYZER_NUMBER_OBJECT_CONVERSION = YES_AGGRESSIVE;
				CLANG_CXX_LANGUAGE_STANDARD = "gnu++17";
				CLANG_CXX_LIBRARY = "libc++";
				CLANG_ENABLE_MODULES = YES;
				CLANG_ENABLE_OBJC_ARC = YES;
				CLANG_ENABLE_OBJC_WEAK = YES;
				CLANG_WARN_BLOCK_CAPTURE_AUTORELEASING = YES;
				CLANG_WARN_BOOL_CONVERSION = YES;
				CLANG_WARN_COMMA = YES;
				CLANG_WARN_CONSTANT_CONVERSION = YES;
				CLANG_WARN_DEPRECATED_OBJC_IMPLEMENTATIONS = YES;
				CLANG_WARN_DIRECT_OBJC_ISA_USAGE = YES_ERROR;
				CLANG_WARN_DOCUMENTATION_COMMENTS = YES;
				CLANG_WARN_EMPTY_BODY = YES;
				CLANG_WARN_ENUM_CONVERSION = YES;
				CLANG_WARN_INFINITE_RECURSION = YES;
				CLANG_WARN_INT_CONVERSION = YES;
				CLANG_WARN_NON_LITERAL_NULL_CONVERSION = YES;
				CLANG_WARN_OBJC_IMPLICIT_RETAIN_SELF = YES;
				CLANG_WARN_OBJC_LITERAL_CONVERSION = YES;
				CLANG_WARN_OBJC_ROOT_CLASS = YES_ERROR;
				CLANG_WARN_QUOTED_INCLUDE_IN_FRAMEWORK_HEADER = YES;
				CLANG_WARN_RANGE_LOOP_ANALYSIS = YES;
				CLANG_WARN_STRICT_PROTOTYPES = YES;
				CLANG_WARN_SUSPICIOUS_MOVE = YES;
				CLANG_WARN_UNGUARDED_AVAILABILITY = YES_AGGRESSIVE;
				CLANG_WARN_UNREACHABLE_CODE = YES;
				CLANG_WARN__DUPLICATE_METHOD_MATCH = YES;
				COPY_PHASE_STRIP = NO;
				DEBUG_INFORMATION_FORMAT = dwarf;
				ENABLE_STRICT_OBJC_MSGSEND = YES;
				ENABLE_TESTABILITY = YES;
				GCC_C_LANGUAGE_STANDARD = gnu11;
				GCC_DYNAMIC_NO_PIC = NO;
				GCC_NO_COMMON_BLOCKS = YES;
				GCC_OPTIMIZATION_LEVEL = 0;
				GCC_PREPROCESSOR_DEFINITIONS = (
					"DEBUG=1",
					"$(inherited)",
				);
				GCC_WARN_64_TO_32_BIT_CONVERSION = YES;
				GCC_WARN_ABOUT_RETURN_TYPE = YES_ERROR;
				GCC_WARN_UNDECLARED_SELECTOR = YES;
				GCC_WARN_UNINITIALIZED_AUTOS = YES_AGGRESSIVE;
				GCC_WARN_UNUSED_FUNCTION = YES;
				GCC_WARN_UNUSED_VARIABLE = YES;
				IPHONEOS_DEPLOYMENT_TARGET = 15.0;
				MTL_ENABLE_DEBUG_INFO = INCLUDE_SOURCE;
				MTL_FAST_MATH = YES;
				ONLY_ACTIVE_ARCH = YES;
				SDKROOT = iphoneos;
				SWIFT_ACTIVE_COMPILATION_CONDITIONS = DEBUG;
				SWIFT_OPTIMIZATION_LEVEL = "-Onone";
			};
			name = Debug;
		};
		89D3A09526C864980001837A /* Release */ = {
			isa = XCBuildConfiguration;
			buildSettings = {
				ALWAYS_SEARCH_USER_PATHS = NO;
				CLANG_ANALYZER_NONNULL = YES;
				CLANG_ANALYZER_NUMBER_OBJECT_CONVERSION = YES_AGGRESSIVE;
				CLANG_CXX_LANGUAGE_STANDARD = "gnu++17";
				CLANG_CXX_LIBRARY = "libc++";
				CLANG_ENABLE_MODULES = YES;
				CLANG_ENABLE_OBJC_ARC = YES;
				CLANG_ENABLE_OBJC_WEAK = YES;
				CLANG_WARN_BLOCK_CAPTURE_AUTORELEASING = YES;
				CLANG_WARN_BOOL_CONVERSION = YES;
				CLANG_WARN_COMMA = YES;
				CLANG_WARN_CONSTANT_CONVERSION = YES;
				CLANG_WARN_DEPRECATED_OBJC_IMPLEMENTATIONS = YES;
				CLANG_WARN_DIRECT_OBJC_ISA_USAGE = YES_ERROR;
				CLANG_WARN_DOCUMENTATION_COMMENTS = YES;
				CLANG_WARN_EMPTY_BODY = YES;
				CLANG_WARN_ENUM_CONVERSION = YES;
				CLANG_WARN_INFINITE_RECURSION = YES;
				CLANG_WARN_INT_CONVERSION = YES;
				CLANG_WARN_NON_LITERAL_NULL_CONVERSION = YES;
				CLANG_WARN_OBJC_IMPLICIT_RETAIN_SELF = YES;
				CLANG_WARN_OBJC_LITERAL_CONVERSION = YES;
				CLANG_WARN_OBJC_ROOT_CLASS = YES_ERROR;
				CLANG_WARN_QUOTED_INCLUDE_IN_FRAMEWORK_HEADER = YES;
				CLANG_WARN_RANGE_LOOP_ANALYSIS = YES;
				CLANG_WARN_STRICT_PROTOTYPES = YES;
				CLANG_WARN_SUSPICIOUS_MOVE = YES;
				CLANG_WARN_UNGUARDED_AVAILABILITY = YES_AGGRESSIVE;
				CLANG_WARN_UNREACHABLE_CODE = YES;
				CLANG_WARN__DUPLICATE_METHOD_MATCH = YES;
				COPY_PHASE_STRIP = NO;
				DEBUG_INFORMATION_FORMAT = "dwarf-with-dsym";
				ENABLE_NS_ASSERTIONS = NO;
				ENABLE_STRICT_OBJC_MSGSEND = YES;
				GCC_C_LANGUAGE_STANDARD = gnu11;
				GCC_NO_COMMON_BLOCKS = YES;
				GCC_WARN_64_TO_32_BIT_CONVERSION = YES;
				GCC_WARN_ABOUT_RETURN_TYPE = YES_ERROR;
				GCC_WARN_UNDECLARED_SELECTOR = YES;
				GCC_WARN_UNINITIALIZED_AUTOS = YES_AGGRESSIVE;
				GCC_WARN_UNUSED_FUNCTION = YES;
				GCC_WARN_UNUSED_VARIABLE = YES;
				IPHONEOS_DEPLOYMENT_TARGET = 15.0;
				MTL_ENABLE_DEBUG_INFO = NO;
				MTL_FAST_MATH = YES;
				SDKROOT = iphoneos;
				SWIFT_COMPILATION_MODE = wholemodule;
				SWIFT_OPTIMIZATION_LEVEL = "-O";
				VALIDATE_PRODUCT = YES;
			};
			name = Release;
		};
		89D3A09726C864980001837A /* Debug */ = {
			isa = XCBuildConfiguration;
			buildSettings = {
				ALWAYS_EMBED_SWIFT_STANDARD_LIBRARIES = YES;
				ASSETCATALOG_COMPILER_APPICON_NAME = AppIcon;
				ASSETCATALOG_COMPILER_GLOBAL_ACCENT_COLOR_NAME = AccentColor;
				CODE_SIGN_ENTITLEMENTS = "Loulou's eten/Loulou's eten.entitlements";
				CODE_SIGN_STYLE = Automatic;
				CURRENT_PROJECT_VERSION = 5;
				DEVELOPMENT_ASSET_PATHS = "\"Loulou's eten/Preview Content\"";
				DEVELOPMENT_TEAM = C4HKS39B24;
				ENABLE_PREVIEWS = YES;
				GENERATE_INFOPLIST_FILE = YES;
				INFOPLIST_FILE = "Loulous-eten-Info.plist";
				INFOPLIST_KEY_CFBundleDisplayName = "Loulou's App";
				INFOPLIST_KEY_UIApplicationSceneManifest_Generation = YES;
				INFOPLIST_KEY_UIApplicationSupportsIndirectInputEvents = YES;
				INFOPLIST_KEY_UILaunchStoryboardName = "Launch Screen";
				INFOPLIST_KEY_UISupportedInterfaceOrientations = "UIInterfaceOrientationPortrait UIInterfaceOrientationPortraitUpsideDown";
				INFOPLIST_KEY_UISupportedInterfaceOrientations_iPad = "UIInterfaceOrientationPortrait UIInterfaceOrientationPortraitUpsideDown UIInterfaceOrientationLandscapeLeft UIInterfaceOrientationLandscapeRight";
				INFOPLIST_KEY_UISupportedInterfaceOrientations_iPhone = "UIInterfaceOrientationPortrait UIInterfaceOrientationLandscapeLeft UIInterfaceOrientationLandscapeRight";
				IPHONEOS_DEPLOYMENT_TARGET = 15.0;
				LD_RUNPATH_SEARCH_PATHS = (
					"$(inherited)",
					"@executable_path/Frameworks",
				);
				MARKETING_VERSION = 1.4;
				PRODUCT_BUNDLE_IDENTIFIER = "nl.wissehes.Loulou-app";
				PRODUCT_NAME = "$(TARGET_NAME)";
				SWIFT_EMIT_LOC_STRINGS = YES;
				SWIFT_VERSION = 5.0;
				TARGETED_DEVICE_FAMILY = "1,2";
			};
			name = Debug;
		};
		89D3A09826C864980001837A /* Release */ = {
			isa = XCBuildConfiguration;
			buildSettings = {
				ALWAYS_EMBED_SWIFT_STANDARD_LIBRARIES = YES;
				ASSETCATALOG_COMPILER_APPICON_NAME = AppIcon;
				ASSETCATALOG_COMPILER_GLOBAL_ACCENT_COLOR_NAME = AccentColor;
				CODE_SIGN_ENTITLEMENTS = "Loulou's eten/Loulou's eten.entitlements";
				CODE_SIGN_STYLE = Automatic;
				CURRENT_PROJECT_VERSION = 5;
				DEVELOPMENT_ASSET_PATHS = "\"Loulou's eten/Preview Content\"";
				DEVELOPMENT_TEAM = C4HKS39B24;
				ENABLE_PREVIEWS = YES;
				GENERATE_INFOPLIST_FILE = YES;
				INFOPLIST_FILE = "Loulous-eten-Info.plist";
				INFOPLIST_KEY_CFBundleDisplayName = "Loulou's App";
				INFOPLIST_KEY_UIApplicationSceneManifest_Generation = YES;
				INFOPLIST_KEY_UIApplicationSupportsIndirectInputEvents = YES;
				INFOPLIST_KEY_UILaunchStoryboardName = "Launch Screen";
				INFOPLIST_KEY_UISupportedInterfaceOrientations = "UIInterfaceOrientationPortrait UIInterfaceOrientationPortraitUpsideDown";
				INFOPLIST_KEY_UISupportedInterfaceOrientations_iPad = "UIInterfaceOrientationPortrait UIInterfaceOrientationPortraitUpsideDown UIInterfaceOrientationLandscapeLeft UIInterfaceOrientationLandscapeRight";
				INFOPLIST_KEY_UISupportedInterfaceOrientations_iPhone = "UIInterfaceOrientationPortrait UIInterfaceOrientationLandscapeLeft UIInterfaceOrientationLandscapeRight";
				IPHONEOS_DEPLOYMENT_TARGET = 15.0;
				LD_RUNPATH_SEARCH_PATHS = (
					"$(inherited)",
					"@executable_path/Frameworks",
				);
				MARKETING_VERSION = 1.4;
				PRODUCT_BUNDLE_IDENTIFIER = "nl.wissehes.Loulou-app";
				PRODUCT_NAME = "$(TARGET_NAME)";
				SWIFT_EMIT_LOC_STRINGS = YES;
				SWIFT_VERSION = 5.0;
				TARGETED_DEVICE_FAMILY = "1,2";
			};
			name = Release;
		};
/* End XCBuildConfiguration section */

/* Begin XCConfigurationList section */
		89D3A08326C864950001837A /* Build configuration list for PBXProject "Loulou's eten" */ = {
			isa = XCConfigurationList;
			buildConfigurations = (
				89D3A09426C864980001837A /* Debug */,
				89D3A09526C864980001837A /* Release */,
			);
			defaultConfigurationIsVisible = 0;
			defaultConfigurationName = Release;
		};
		89D3A09626C864980001837A /* Build configuration list for PBXNativeTarget "Loulou's eten" */ = {
			isa = XCConfigurationList;
			buildConfigurations = (
				89D3A09726C864980001837A /* Debug */,
				89D3A09826C864980001837A /* Release */,
			);
			defaultConfigurationIsVisible = 0;
			defaultConfigurationName = Release;
		};
/* End XCConfigurationList section */

/* Begin XCRemoteSwiftPackageReference section */
		89308E4727021FF300F65DD2 /* XCRemoteSwiftPackageReference "BetterSafariView" */ = {
			isa = XCRemoteSwiftPackageReference;
			repositoryURL = "https://github.com/stleamist/BetterSafariView.git";
			requirement = {
				kind = upToNextMajorVersion;
				minimumVersion = 2.4.0;
			};
		};
		893273F526F3ADCA00D59C7A /* XCRemoteSwiftPackageReference "Alamofire" */ = {
			isa = XCRemoteSwiftPackageReference;
			repositoryURL = "https://github.com/Alamofire/Alamofire.git";
			requirement = {
				kind = upToNextMajorVersion;
				minimumVersion = 5.0.0;
			};
		};
/* End XCRemoteSwiftPackageReference section */

/* Begin XCSwiftPackageProductDependency section */
		89308E4827021FF300F65DD2 /* BetterSafariView */ = {
			isa = XCSwiftPackageProductDependency;
			package = 89308E4727021FF300F65DD2 /* XCRemoteSwiftPackageReference "BetterSafariView" */;
			productName = BetterSafariView;
		};
		893273F626F3ADCA00D59C7A /* Alamofire */ = {
			isa = XCSwiftPackageProductDependency;
			package = 893273F526F3ADCA00D59C7A /* XCRemoteSwiftPackageReference "Alamofire" */;
			productName = Alamofire;
		};
/* End XCSwiftPackageProductDependency section */
	};
	rootObject = 89D3A08026C864950001837A /* Project object */;
}
